
Microsoft Visual Studio Solution File, Format Version 12.00
# Visual Studio Version 17
VisualStudioVersion = 17.14.36212.18
MinimumVisualStudioVersion = 10.0.40219.1
Project("{FAE04EC0-301F-11D3-BF4B-00C04F79EFBC}") = "LombdaAgentSDK", "LombdaAgentSDK\LombdaAgentSDK.csproj", "{5278E92D-B665-4220-9378-6404FFB72D6E}"
EndProject
Project("{FAE04EC0-301F-11D3-BF4B-00C04F79EFBC}") = "Examples", "Examples\Examples.csproj", "{CDB1AA7E-6E73-4A5E-8688-979113B9CE22}"
EndProject
Project("{FAE04EC0-301F-11D3-BF4B-00C04F79EFBC}") = "Test", "Test\Test.csproj", "{382D5AFF-5C7C-4936-9440-7AEBF5714BF3}"
EndProject
Project("{FAE04EC0-301F-11D3-BF4B-00C04F79EFBC}") = "BabyAGI", "BabyAGI\BabyAGI.csproj", "{C683A17C-88B3-4B54-AADA-02CA94A4A0F0}"
EndProject
Project("{FAE04EC0-301F-11D3-BF4B-00C04F79EFBC}") = "WinFormsAgentUI", "WinFormsAgentUI\WinFormsAgentUI.csproj", "{A4AC2687-A6FA-42CD-86E7-83E6027A859C}"
EndProject
Project("{FAE04EC0-301F-11D3-BF4B-00C04F79EFBC}") = "LombdaAgentAPI", "LombdaAgentAPI\LombdaAgentAPI.csproj", "{1097549E-84EC-55A5-1C72-ED81BD4F9613}"
EndProject
Project("{FAE04EC0-301F-11D3-BF4B-00C04F79EFBC}") = "LombdaAgentAPI.Tests", "LombdaAgentAPI.Tests\LombdaAgentAPI.Tests.csproj", "{56F8FE7B-9D49-B768-23D2-F50DF44A8AF5}"
EndProject
Project("{FAE04EC0-301F-11D3-BF4B-00C04F79EFBC}") = "LombdaAgentMAUI", "LombdaAgentMAUI\LombdaAgentMAUI.csproj", "{05D83F43-2867-457D-B282-DB5112B0DB06}"
EndProject
Project("{FAE04EC0-301F-11D3-BF4B-00C04F79EFBC}") = "LombdaAgentMAUI.Tests", "LombdaAgentMAUI.Tests\LombdaAgentMAUI.Tests.csproj", "{3A399AAC-C32C-8171-13B9-5164F9887373}"
EndProject
Project("{FAE04EC0-301F-11D3-BF4B-00C04F79EFBC}") = "LombdaAgentMAUI.Core", "LombdaAgentMAUI.Core\LombdaAgentMAUI.Core.csproj", "{EAB2D880-BE8F-76BA-4577-96095B9A9F8B}"
EndProject
Global
	GlobalSection(SolutionConfigurationPlatforms) = preSolution
		Debug|Any CPU = Debug|Any CPU
		Debug|x64 = Debug|x64
		Debug|x86 = Debug|x86
		Release|Any CPU = Release|Any CPU
		Release|x64 = Release|x64
		Release|x86 = Release|x86
	EndGlobalSection
	GlobalSection(ProjectConfigurationPlatforms) = postSolution
		{5278E92D-B665-4220-9378-6404FFB72D6E}.Debug|Any CPU.ActiveCfg = Debug|Any CPU
		{5278E92D-B665-4220-9378-6404FFB72D6E}.Debug|Any CPU.Build.0 = Debug|Any CPU
		{5278E92D-B665-4220-9378-6404FFB72D6E}.Debug|x64.ActiveCfg = Debug|Any CPU
		{5278E92D-B665-4220-9378-6404FFB72D6E}.Debug|x64.Build.0 = Debug|Any CPU
		{5278E92D-B665-4220-9378-6404FFB72D6E}.Debug|x86.ActiveCfg = Debug|Any CPU
		{5278E92D-B665-4220-9378-6404FFB72D6E}.Debug|x86.Build.0 = Debug|Any CPU
		{5278E92D-B665-4220-9378-6404FFB72D6E}.Release|Any CPU.ActiveCfg = Release|Any CPU
		{5278E92D-B665-4220-9378-6404FFB72D6E}.Release|Any CPU.Build.0 = Release|Any CPU
		{5278E92D-B665-4220-9378-6404FFB72D6E}.Release|x64.ActiveCfg = Release|Any CPU
		{5278E92D-B665-4220-9378-6404FFB72D6E}.Release|x64.Build.0 = Release|Any CPU
		{5278E92D-B665-4220-9378-6404FFB72D6E}.Release|x86.ActiveCfg = Release|Any CPU
		{5278E92D-B665-4220-9378-6404FFB72D6E}.Release|x86.Build.0 = Release|Any CPU
		{CDB1AA7E-6E73-4A5E-8688-979113B9CE22}.Debug|Any CPU.ActiveCfg = Debug|Any CPU
		{CDB1AA7E-6E73-4A5E-8688-979113B9CE22}.Debug|Any CPU.Build.0 = Debug|Any CPU
		{CDB1AA7E-6E73-4A5E-8688-979113B9CE22}.Debug|x64.ActiveCfg = Debug|Any CPU
		{CDB1AA7E-6E73-4A5E-8688-979113B9CE22}.Debug|x64.Build.0 = Debug|Any CPU
		{CDB1AA7E-6E73-4A5E-8688-979113B9CE22}.Debug|x86.ActiveCfg = Debug|Any CPU
		{CDB1AA7E-6E73-4A5E-8688-979113B9CE22}.Debug|x86.Build.0 = Debug|Any CPU
		{CDB1AA7E-6E73-4A5E-8688-979113B9CE22}.Release|Any CPU.ActiveCfg = Release|Any CPU
		{CDB1AA7E-6E73-4A5E-8688-979113B9CE22}.Release|Any CPU.Build.0 = Release|Any CPU
		{CDB1AA7E-6E73-4A5E-8688-979113B9CE22}.Release|x64.ActiveCfg = Release|Any CPU
		{CDB1AA7E-6E73-4A5E-8688-979113B9CE22}.Release|x64.Build.0 = Release|Any CPU
		{CDB1AA7E-6E73-4A5E-8688-979113B9CE22}.Release|x86.ActiveCfg = Release|Any CPU
		{CDB1AA7E-6E73-4A5E-8688-979113B9CE22}.Release|x86.Build.0 = Release|Any CPU
		{382D5AFF-5C7C-4936-9440-7AEBF5714BF3}.Debug|Any CPU.ActiveCfg = Debug|Any CPU
		{382D5AFF-5C7C-4936-9440-7AEBF5714BF3}.Debug|Any CPU.Build.0 = Debug|Any CPU
		{382D5AFF-5C7C-4936-9440-7AEBF5714BF3}.Debug|x64.ActiveCfg = Debug|Any CPU
		{382D5AFF-5C7C-4936-9440-7AEBF5714BF3}.Debug|x64.Build.0 = Debug|Any CPU
		{382D5AFF-5C7C-4936-9440-7AEBF5714BF3}.Debug|x86.ActiveCfg = Debug|Any CPU
		{382D5AFF-5C7C-4936-9440-7AEBF5714BF3}.Debug|x86.Build.0 = Debug|Any CPU
		{382D5AFF-5C7C-4936-9440-7AEBF5714BF3}.Release|Any CPU.ActiveCfg = Release|Any CPU
		{382D5AFF-5C7C-4936-9440-7AEBF5714BF3}.Release|Any CPU.Build.0 = Release|Any CPU
		{382D5AFF-5C7C-4936-9440-7AEBF5714BF3}.Release|x64.ActiveCfg = Release|Any CPU
		{382D5AFF-5C7C-4936-9440-7AEBF5714BF3}.Release|x64.Build.0 = Release|Any CPU
		{382D5AFF-5C7C-4936-9440-7AEBF5714BF3}.Release|x86.ActiveCfg = Release|Any CPU
		{382D5AFF-5C7C-4936-9440-7AEBF5714BF3}.Release|x86.Build.0 = Release|Any CPU
		{C683A17C-88B3-4B54-AADA-02CA94A4A0F0}.Debug|Any CPU.ActiveCfg = Debug|Any CPU
		{C683A17C-88B3-4B54-AADA-02CA94A4A0F0}.Debug|Any CPU.Build.0 = Debug|Any CPU
		{C683A17C-88B3-4B54-AADA-02CA94A4A0F0}.Debug|x64.ActiveCfg = Debug|Any CPU
		{C683A17C-88B3-4B54-AADA-02CA94A4A0F0}.Debug|x64.Build.0 = Debug|Any CPU
		{C683A17C-88B3-4B54-AADA-02CA94A4A0F0}.Debug|x86.ActiveCfg = Debug|Any CPU
		{C683A17C-88B3-4B54-AADA-02CA94A4A0F0}.Debug|x86.Build.0 = Debug|Any CPU
		{C683A17C-88B3-4B54-AADA-02CA94A4A0F0}.Release|Any CPU.ActiveCfg = Release|Any CPU
		{C683A17C-88B3-4B54-AADA-02CA94A4A0F0}.Release|Any CPU.Build.0 = Release|Any CPU
		{C683A17C-88B3-4B54-AADA-02CA94A4A0F0}.Release|x64.ActiveCfg = Release|Any CPU
		{C683A17C-88B3-4B54-AADA-02CA94A4A0F0}.Release|x64.Build.0 = Release|Any CPU
		{C683A17C-88B3-4B54-AADA-02CA94A4A0F0}.Release|x86.ActiveCfg = Release|Any CPU
		{C683A17C-88B3-4B54-AADA-02CA94A4A0F0}.Release|x86.Build.0 = Release|Any CPU
		{A4AC2687-A6FA-42CD-86E7-83E6027A859C}.Debug|Any CPU.ActiveCfg = Debug|Any CPU
		{A4AC2687-A6FA-42CD-86E7-83E6027A859C}.Debug|Any CPU.Build.0 = Debug|Any CPU
		{A4AC2687-A6FA-42CD-86E7-83E6027A859C}.Debug|x64.ActiveCfg = Debug|Any CPU
		{A4AC2687-A6FA-42CD-86E7-83E6027A859C}.Debug|x64.Build.0 = Debug|Any CPU
		{A4AC2687-A6FA-42CD-86E7-83E6027A859C}.Debug|x86.ActiveCfg = Debug|Any CPU
		{A4AC2687-A6FA-42CD-86E7-83E6027A859C}.Debug|x86.Build.0 = Debug|Any CPU
		{A4AC2687-A6FA-42CD-86E7-83E6027A859C}.Release|Any CPU.ActiveCfg = Release|Any CPU
		{A4AC2687-A6FA-42CD-86E7-83E6027A859C}.Release|Any CPU.Build.0 = Release|Any CPU
		{A4AC2687-A6FA-42CD-86E7-83E6027A859C}.Release|x64.ActiveCfg = Release|Any CPU
		{A4AC2687-A6FA-42CD-86E7-83E6027A859C}.Release|x64.Build.0 = Release|Any CPU
		{A4AC2687-A6FA-42CD-86E7-83E6027A859C}.Release|x86.ActiveCfg = Release|Any CPU
		{A4AC2687-A6FA-42CD-86E7-83E6027A859C}.Release|x86.Build.0 = Release|Any CPU
		{1097549E-84EC-55A5-1C72-ED81BD4F9613}.Debug|Any CPU.ActiveCfg = Debug|Any CPU
		{1097549E-84EC-55A5-1C72-ED81BD4F9613}.Debug|Any CPU.Build.0 = Debug|Any CPU
		{1097549E-84EC-55A5-1C72-ED81BD4F9613}.Debug|x64.ActiveCfg = Debug|Any CPU
		{1097549E-84EC-55A5-1C72-ED81BD4F9613}.Debug|x64.Build.0 = Debug|Any CPU
		{1097549E-84EC-55A5-1C72-ED81BD4F9613}.Debug|x86.ActiveCfg = Debug|Any CPU
		{1097549E-84EC-55A5-1C72-ED81BD4F9613}.Debug|x86.Build.0 = Debug|Any CPU
		{1097549E-84EC-55A5-1C72-ED81BD4F9613}.Release|Any CPU.ActiveCfg = Release|Any CPU
		{1097549E-84EC-55A5-1C72-ED81BD4F9613}.Release|Any CPU.Build.0 = Release|Any CPU
		{1097549E-84EC-55A5-1C72-ED81BD4F9613}.Release|x64.ActiveCfg = Release|Any CPU
		{1097549E-84EC-55A5-1C72-ED81BD4F9613}.Release|x64.Build.0 = Release|Any CPU
		{1097549E-84EC-55A5-1C72-ED81BD4F9613}.Release|x86.ActiveCfg = Release|Any CPU
		{1097549E-84EC-55A5-1C72-ED81BD4F9613}.Release|x86.Build.0 = Release|Any CPU
		{56F8FE7B-9D49-B768-23D2-F50DF44A8AF5}.Debug|Any CPU.ActiveCfg = Debug|Any CPU
		{56F8FE7B-9D49-B768-23D2-F50DF44A8AF5}.Debug|Any CPU.Build.0 = Debug|Any CPU
		{56F8FE7B-9D49-B768-23D2-F50DF44A8AF5}.Debug|x64.ActiveCfg = Debug|Any CPU
		{56F8FE7B-9D49-B768-23D2-F50DF44A8AF5}.Debug|x64.Build.0 = Debug|Any CPU
		{56F8FE7B-9D49-B768-23D2-F50DF44A8AF5}.Debug|x86.ActiveCfg = Debug|Any CPU
		{56F8FE7B-9D49-B768-23D2-F50DF44A8AF5}.Debug|x86.Build.0 = Debug|Any CPU
		{56F8FE7B-9D49-B768-23D2-F50DF44A8AF5}.Release|Any CPU.ActiveCfg = Release|Any CPU
		{56F8FE7B-9D49-B768-23D2-F50DF44A8AF5}.Release|Any CPU.Build.0 = Release|Any CPU
		{56F8FE7B-9D49-B768-23D2-F50DF44A8AF5}.Release|x64.ActiveCfg = Release|Any CPU
		{56F8FE7B-9D49-B768-23D2-F50DF44A8AF5}.Release|x64.Build.0 = Release|Any CPU
		{56F8FE7B-9D49-B768-23D2-F50DF44A8AF5}.Release|x86.ActiveCfg = Release|Any CPU
		{56F8FE7B-9D49-B768-23D2-F50DF44A8AF5}.Release|x86.Build.0 = Release|Any CPU
		{05D83F43-2867-457D-B282-DB5112B0DB06}.Debug|Any CPU.ActiveCfg = Debug|Any CPU
		{05D83F43-2867-457D-B282-DB5112B0DB06}.Debug|Any CPU.Build.0 = Debug|Any CPU
		{05D83F43-2867-457D-B282-DB5112B0DB06}.Debug|Any CPU.Deploy.0 = Debug|Any CPU
		{05D83F43-2867-457D-B282-DB5112B0DB06}.Debug|x64.ActiveCfg = Debug|Any CPU
		{05D83F43-2867-457D-B282-DB5112B0DB06}.Debug|x64.Build.0 = Debug|Any CPU
		{05D83F43-2867-457D-B282-DB5112B0DB06}.Debug|x86.ActiveCfg = Debug|Any CPU
		{05D83F43-2867-457D-B282-DB5112B0DB06}.Debug|x86.Build.0 = Debug|Any CPU
		{05D83F43-2867-457D-B282-DB5112B0DB06}.Release|Any CPU.ActiveCfg = Release|Any CPU
		{05D83F43-2867-457D-B282-DB5112B0DB06}.Release|Any CPU.Build.0 = Release|Any CPU
		{05D83F43-2867-457D-B282-DB5112B0DB06}.Release|x64.ActiveCfg = Release|Any CPU
		{05D83F43-2867-457D-B282-DB5112B0DB06}.Release|x64.Build.0 = Release|Any CPU
		{05D83F43-2867-457D-B282-DB5112B0DB06}.Release|x86.ActiveCfg = Release|Any CPU
		{05D83F43-2867-457D-B282-DB5112B0DB06}.Release|x86.Build.0 = Release|Any CPU
		{3A399AAC-C32C-8171-13B9-5164F9887373}.Debug|Any CPU.ActiveCfg = Debug|Any CPU
		{3A399AAC-C32C-8171-13B9-5164F9887373}.Debug|Any CPU.Build.0 = Debug|Any CPU
		{3A399AAC-C32C-8171-13B9-5164F9887373}.Debug|x64.ActiveCfg = Debug|Any CPU
		{3A399AAC-C32C-8171-13B9-5164F9887373}.Debug|x64.Build.0 = Debug|Any CPU
		{3A399AAC-C32C-8171-13B9-5164F9887373}.Debug|x86.ActiveCfg = Debug|Any CPU
		{3A399AAC-C32C-8171-13B9-5164F9887373}.Debug|x86.Build.0 = Debug|Any CPU
		{3A399AAC-C32C-8171-13B9-5164F9887373}.Release|Any CPU.ActiveCfg = Release|Any CPU
		{3A399AAC-C32C-8171-13B9-5164F9887373}.Release|Any CPU.Build.0 = Release|Any CPU
		{3A399AAC-C32C-8171-13B9-5164F9887373}.Release|x64.ActiveCfg = Release|Any CPU
		{3A399AAC-C32C-8171-13B9-5164F9887373}.Release|x64.Build.0 = Release|Any CPU
		{3A399AAC-C32C-8171-13B9-5164F9887373}.Release|x86.ActiveCfg = Release|Any CPU
		{3A399AAC-C32C-8171-13B9-5164F9887373}.Release|x86.Build.0 = Release|Any CPU
		{EAB2D880-BE8F-76BA-4577-96095B9A9F8B}.Debug|Any CPU.ActiveCfg = Debug|Any CPU
		{EAB2D880-BE8F-76BA-4577-96095B9A9F8B}.Debug|Any CPU.Build.0 = Debug|Any CPU
		{EAB2D880-BE8F-76BA-4577-96095B9A9F8B}.Debug|x64.ActiveCfg = Debug|Any CPU
		{EAB2D880-BE8F-76BA-4577-96095B9A9F8B}.Debug|x64.Build.0 = Debug|Any CPU
		{EAB2D880-BE8F-76BA-4577-96095B9A9F8B}.Debug|x86.ActiveCfg = Debug|Any CPU
		{EAB2D880-BE8F-76BA-4577-96095B9A9F8B}.Debug|x86.Build.0 = Debug|Any CPU
		{EAB2D880-BE8F-76BA-4577-96095B9A9F8B}.Release|Any CPU.ActiveCfg = Release|Any CPU
		{EAB2D880-BE8F-76BA-4577-96095B9A9F8B}.Release|Any CPU.Build.0 = Release|Any CPU
		{EAB2D880-BE8F-76BA-4577-96095B9A9F8B}.Release|x64.ActiveCfg = Release|Any CPU
		{EAB2D880-BE8F-76BA-4577-96095B9A9F8B}.Release|x64.Build.0 = Release|Any CPU
		{EAB2D880-BE8F-76BA-4577-96095B9A9F8B}.Release|x86.ActiveCfg = Release|Any CPU
		{EAB2D880-BE8F-76BA-4577-96095B9A9F8B}.Release|x86.Build.0 = Release|Any CPU
	EndGlobalSection
	GlobalSection(SolutionProperties) = preSolution
		HideSolutionNode = FALSE
	EndGlobalSection
	GlobalSection(ExtensibilityGlobals) = postSolution
		SolutionGuid = {492D18B1-014B-491F-8FA4-0B6A2D0B2DA8}
	EndGlobalSection
EndGlobal
